
Microsoft Visual Studio Solution File, Format Version 12.00
# Visual Studio Version 17
VisualStudioVersion = 17.5.33530.505
MinimumVisualStudioVersion = 10.0.40219.1
Project("{8BC9CEB8-8B4A-11D0-8D11-00A0C91BC942}") = "gui_2", "gui_2\gui_2.vcxproj", "{FF728FD0-EE42-4566-ABF5-C7AB8F3D09B2}"
EndProject
Global
	GlobalSection(SolutionConfigurationPlatforms) = preSolution
		Debug|x64 = Debug|x64
		Debug|x86 = Debug|x86
		Release|x64 = Release|x64
		Release|x86 = Release|x86
	EndGlobalSection
	GlobalSection(ProjectConfigurationPlatforms) = postSolution
		{FF728FD0-EE42-4566-ABF5-C7AB8F3D09B2}.Debug|x64.ActiveCfg = Debug|x64
		{FF728FD0-EE42-4566-ABF5-C7AB8F3D09B2}.Debug|x64.Build.0 = Debug|x64
		{FF728FD0-EE42-4566-ABF5-C7AB8F3D09B2}.Debug|x86.ActiveCfg = Debug|Win32
		{FF728FD0-EE42-4566-ABF5-C7AB8F3D09B2}.Debug|x86.Build.0 = Debug|Win32
		{FF728FD0-EE42-4566-ABF5-C7AB8F3D09B2}.Release|x64.ActiveCfg = Release|x64
		{FF728FD0-EE42-4566-ABF5-C7AB8F3D09B2}.Release|x64.Build.0 = Release|x64
		{FF728FD0-EE42-4566-ABF5-C7AB8F3D09B2}.Release|x86.ActiveCfg = Release|Win32
		{FF728FD0-EE42-4566-ABF5-C7AB8F3D09B2}.Release|x86.Build.0 = Release|Win32
	EndGlobalSection
	GlobalSection(SolutionProperties) = preSolution
		HideSolutionNode = FALSE
	EndGlobalSection
	GlobalSection(ExtensibilityGlobals) = postSolution
		SolutionGuid = {C4E0943E-DC4B-4A15-B6A7-AEA118E3515B}
	EndGlobalSection
EndGlobal
